
Microsoft Visual Studio Solution File, Format Version 12.00
# Visual Studio Version 17
VisualStudioVersion = 17.10.35201.131
MinimumVisualStudioVersion = 10.0.40219.1
Project("{9A19103F-16F7-4668-BE54-9A1E7A4F7556}") = "FileFlowServer", "FileFlowServer.csproj", "{A3704681-DED5-4B76-876C-F1D0BFDD8BDD}"
	ProjectSection(ProjectDependencies) = postProject
		{2754788A-78CD-4B55-A831-CB47DB1F9EC9} = {2754788A-78CD-4B55-A831-CB47DB1F9EC9}
		{B1307B2C-1094-4F0D-A105-7D9BF3B49269} = {B1307B2C-1094-4F0D-A105-7D9BF3B49269}
		{EF7E924F-1057-4E27-955F-022AB414B590} = {EF7E924F-1057-4E27-955F-022AB414B590}
	EndProjectSection
EndProject
Project("{9A19103F-16F7-4668-BE54-9A1E7A4F7556}") = "Data", "..\Data\Data.csproj", "{B1307B2C-1094-4F0D-A105-7D9BF3B49269}"
	ProjectSection(ProjectDependencies) = postProject
		{EF7E924F-1057-4E27-955F-022AB414B590} = {EF7E924F-1057-4E27-955F-022AB414B590}
	EndProjectSection
EndProject
Project("{9A19103F-16F7-4668-BE54-9A1E7A4F7556}") = "Entities", "..\Entities\Entities.csproj", "{B0CD6B82-AD91-4EB2-B224-BBF46A032679}"
EndProject
Project("{9A19103F-16F7-4668-BE54-9A1E7A4F7556}") = "Interfaces", "..\Interfaces\Interfaces.csproj", "{EF7E924F-1057-4E27-955F-022AB414B590}"
EndProject
Project("{9A19103F-16F7-4668-BE54-9A1E7A4F7556}") = "Services", "..\Services\Services.csproj", "{2754788A-78CD-4B55-A831-CB47DB1F9EC9}"
EndProject
Project("{54A90642-561A-4BB1-A94E-469ADEE60C69}") = "fileflowclient", "..\FileFlowClient\fileflowclient.esproj", "{253949B8-16EC-440C-A8D1-D34B93AB2F53}"
EndProject
Global
	GlobalSection(SolutionConfigurationPlatforms) = preSolution
		Debug|Any CPU = Debug|Any CPU
		Release|Any CPU = Release|Any CPU
	EndGlobalSection
	GlobalSection(ProjectConfigurationPlatforms) = postSolution
		{A3704681-DED5-4B76-876C-F1D0BFDD8BDD}.Debug|Any CPU.ActiveCfg = Debug|Any CPU
		{A3704681-DED5-4B76-876C-F1D0BFDD8BDD}.Debug|Any CPU.Build.0 = Debug|Any CPU
		{A3704681-DED5-4B76-876C-F1D0BFDD8BDD}.Release|Any CPU.ActiveCfg = Release|Any CPU
		{A3704681-DED5-4B76-876C-F1D0BFDD8BDD}.Release|Any CPU.Build.0 = Release|Any CPU
		{B1307B2C-1094-4F0D-A105-7D9BF3B49269}.Debug|Any CPU.ActiveCfg = Debug|Any CPU
		{B1307B2C-1094-4F0D-A105-7D9BF3B49269}.Debug|Any CPU.Build.0 = Debug|Any CPU
		{B1307B2C-1094-4F0D-A105-7D9BF3B49269}.Release|Any CPU.ActiveCfg = Release|Any CPU
		{B1307B2C-1094-4F0D-A105-7D9BF3B49269}.Release|Any CPU.Build.0 = Release|Any CPU
		{B0CD6B82-AD91-4EB2-B224-BBF46A032679}.Debug|Any CPU.ActiveCfg = Debug|Any CPU
		{B0CD6B82-AD91-4EB2-B224-BBF46A032679}.Debug|Any CPU.Build.0 = Debug|Any CPU
		{B0CD6B82-AD91-4EB2-B224-BBF46A032679}.Release|Any CPU.ActiveCfg = Release|Any CPU
		{B0CD6B82-AD91-4EB2-B224-BBF46A032679}.Release|Any CPU.Build.0 = Release|Any CPU
		{EF7E924F-1057-4E27-955F-022AB414B590}.Debug|Any CPU.ActiveCfg = Debug|Any CPU
		{EF7E924F-1057-4E27-955F-022AB414B590}.Debug|Any CPU.Build.0 = Debug|Any CPU
		{EF7E924F-1057-4E27-955F-022AB414B590}.Release|Any CPU.ActiveCfg = Release|Any CPU
		{EF7E924F-1057-4E27-955F-022AB414B590}.Release|Any CPU.Build.0 = Release|Any CPU
		{2754788A-78CD-4B55-A831-CB47DB1F9EC9}.Debug|Any CPU.ActiveCfg = Debug|Any CPU
		{2754788A-78CD-4B55-A831-CB47DB1F9EC9}.Debug|Any CPU.Build.0 = Debug|Any CPU
		{2754788A-78CD-4B55-A831-CB47DB1F9EC9}.Release|Any CPU.ActiveCfg = Release|Any CPU
		{2754788A-78CD-4B55-A831-CB47DB1F9EC9}.Release|Any CPU.Build.0 = Release|Any CPU
		{253949B8-16EC-440C-A8D1-D34B93AB2F53}.Debug|Any CPU.ActiveCfg = Debug|Any CPU
		{253949B8-16EC-440C-A8D1-D34B93AB2F53}.Debug|Any CPU.Build.0 = Debug|Any CPU
		{253949B8-16EC-440C-A8D1-D34B93AB2F53}.Debug|Any CPU.Deploy.0 = Debug|Any CPU
		{253949B8-16EC-440C-A8D1-D34B93AB2F53}.Release|Any CPU.ActiveCfg = Release|Any CPU
		{253949B8-16EC-440C-A8D1-D34B93AB2F53}.Release|Any CPU.Build.0 = Release|Any CPU
		{253949B8-16EC-440C-A8D1-D34B93AB2F53}.Release|Any CPU.Deploy.0 = Release|Any CPU
	EndGlobalSection
	GlobalSection(SolutionProperties) = preSolution
		HideSolutionNode = FALSE
	EndGlobalSection
	GlobalSection(ExtensibilityGlobals) = postSolution
		SolutionGuid = {1F1BE0C8-1A03-4EAF-995D-764ADAAED1CB}
	EndGlobalSection
EndGlobal
